
Microsoft Visual Studio Solution File, Format Version 12.00
# Visual Studio Version 17
VisualStudioVersion = 17.14.36202.13 d17.14
MinimumVisualStudioVersion = 10.0.40219.1
Project("{FAE04EC0-301F-11D3-BF4B-00C04F79EFBC}") = "GenerateDailyRecordsPlugin", "GenerateDailyRecordsPlugin\GenerateDailyRecordsPlugin.csproj", "{32D66392-B665-447E-91A2-A5F2419E6D4D}"
EndProject
Global
	GlobalSection(SolutionConfigurationPlatforms) = preSolution
		Debug|Any CPU = Debug|Any CPU
		Release|Any CPU = Release|Any CPU
	EndGlobalSection
	GlobalSection(ProjectConfigurationPlatforms) = postSolution
		{32D66392-B665-447E-91A2-A5F2419E6D4D}.Debug|Any CPU.ActiveCfg = Debug|Any CPU
		{32D66392-B665-447E-91A2-A5F2419E6D4D}.Debug|Any CPU.Build.0 = Debug|Any CPU
		{32D66392-B665-447E-91A2-A5F2419E6D4D}.Release|Any CPU.ActiveCfg = Release|Any CPU
		{32D66392-B665-447E-91A2-A5F2419E6D4D}.Release|Any CPU.Build.0 = Release|Any CPU
	EndGlobalSection
	GlobalSection(SolutionProperties) = preSolution
		HideSolutionNode = FALSE
	EndGlobalSection
	GlobalSection(ExtensibilityGlobals) = postSolution
		SolutionGuid = {6E75E50B-0C67-4128-955A-B7668FA25DB3}
	EndGlobalSection
EndGlobal
